{
  "name": "tl-gridfs",
  "version": "1.0",
  "lockfileVersion": 1,
  "requires": true,
  "dependencies": {
    "@fiquu/is": {
      "version": "1.4.0",
      "resolved": "https://registry.npmjs.org/@fiquu/is/-/is-1.4.0.tgz",
      "integrity": "sha512-AKGxY7Vk7QZjwRZhT1mekmTxWxHDPYuV8BisZajPYpZ0Ud2ZrIpeNadQJ4yYD7QA+b5RHLpushNI2ni3tw/2UA=="
    }
  }
}
